
Microsoft Visual Studio Solution File, Format Version 12.00
# Visual Studio Version 17
VisualStudioVersion = 17.13.35825.156 d17.13
MinimumVisualStudioVersion = 10.0.40219.1
Project("{FAE04EC0-301F-11D3-BF4B-00C04F79EFBC}") = "YugiprinterController", "YugiprinterController.csproj", "{B82D87D6-B961-4B25-B5B0-EEDACD6C9D3B}"
EndProject
Global
	GlobalSection(SolutionConfigurationPlatforms) = preSolution
		Debug|Any CPU = Debug|Any CPU
		Release|Any CPU = Release|Any CPU
	EndGlobalSection
	GlobalSection(ProjectConfigurationPlatforms) = postSolution
		{B82D87D6-B961-4B25-B5B0-EEDACD6C9D3B}.Debug|Any CPU.ActiveCfg = Debug|Any CPU
		{B82D87D6-B961-4B25-B5B0-EEDACD6C9D3B}.Debug|Any CPU.Build.0 = Debug|Any CPU
		{B82D87D6-B961-4B25-B5B0-EEDACD6C9D3B}.Release|Any CPU.ActiveCfg = Release|Any CPU
		{B82D87D6-B961-4B25-B5B0-EEDACD6C9D3B}.Release|Any CPU.Build.0 = Release|Any CPU
	EndGlobalSection
	GlobalSection(SolutionProperties) = preSolution
		HideSolutionNode = FALSE
	EndGlobalSection
	GlobalSection(ExtensibilityGlobals) = postSolution
		SolutionGuid = {441FCEC8-21DD-49B7-9833-52C6F3660366}
	EndGlobalSection
EndGlobal
